// !$*UTF8*$!
{
	archiveVersion = 1;
	classes = {
	};
	objectVersion = 46;
	objects = {

/* Begin PBXBuildFile section */
		090ECFDA1D92E39E00308DB4 /* AppDelegate.swift in Sources */ = {isa = PBXBuildFile; fileRef = 090ECFD91D92E39E00308DB4 /* AppDelegate.swift */; };
		090ECFDC1D92E39E00308DB4 /* RecordSoundsViewController.swift in Sources */ = {isa = PBXBuildFile; fileRef = 090ECFDB1D92E39E00308DB4 /* RecordSoundsViewController.swift */; };
		090ECFDF1D92E39E00308DB4 /* Main.storyboard in Resources */ = {isa = PBXBuildFile; fileRef = 090ECFDD1D92E39E00308DB4 /* Main.storyboard */; };
		090ECFE11D92E39E00308DB4 /* Assets.xcassets in Resources */ = {isa = PBXBuildFile; fileRef = 090ECFE01D92E39E00308DB4 /* Assets.xcassets */; };
		090ECFE41D92E39E00308DB4 /* LaunchScreen.storyboard in Resources */ = {isa = PBXBuildFile; fileRef = 090ECFE21D92E39E00308DB4 /* LaunchScreen.storyboard */; };
		090ECFEF1D92E39E00308DB4 /* PitchPerfectTests.swift in Sources */ = {isa = PBXBuildFile; fileRef = 090ECFEE1D92E39E00308DB4 /* PitchPerfectTests.swift */; };
		090ECFFA1D92E39E00308DB4 /* PitchPerfectUITests.swift in Sources */ = {isa = PBXBuildFile; fileRef = 090ECFF91D92E39E00308DB4 /* PitchPerfectUITests.swift */; };
		09966AF21D9478A600D47000 /* PlaySoundsViewController+Audio.swift in Sources */ = {isa = PBXBuildFile; fileRef = 09966AF11D9478A600D47000 /* PlaySoundsViewController+Audio.swift */; };
		09B3376C1D943E040087B843 /* PlaySoundsViewController.swift in Sources */ = {isa = PBXBuildFile; fileRef = 09B3376B1D943E040087B843 /* PlaySoundsViewController.swift */; };
/* End PBXBuildFile section */

/* Begin PBXContainerItemProxy section */
		090ECFEB1D92E39E00308DB4 /* PBXContainerItemProxy */ = {
			isa = PBXContainerItemProxy;
			containerPortal = 090ECFCE1D92E39E00308DB4 /* Project object */;
			proxyType = 1;
			remoteGlobalIDString = 090ECFD51D92E39E00308DB4;
			remoteInfo = PitchPerfect;
		};
		090ECFF61D92E39E00308DB4 /* PBXContainerItemProxy */ = {
			isa = PBXContainerItemProxy;
			containerPortal = 090ECFCE1D92E39E00308DB4 /* Project object */;
			proxyType = 1;
			remoteGlobalIDString = 090ECFD51D92E39E00308DB4;
			remoteInfo = PitchPerfect;
		};
/* End PBXContainerItemProxy section */

/* Begin PBXFileReference section */
		090ECFD61D92E39E00308DB4 /* PitchPerfect.app */ = {isa = PBXFileReference; explicitFileType = wrapper.application; includeInIndex = 0; path = PitchPerfect.app; sourceTree = BUILT_PRODUCTS_DIR; };
		090ECFD91D92E39E00308DB4 /* AppDelegate.swift */ = {isa = PBXFileReference; lastKnownFileType = sourcecode.swift; path = AppDelegate.swift; sourceTree = "<group>"; };
		090ECFDB1D92E39E00308DB4 /* RecordSoundsViewController.swift */ = {isa = PBXFileReference; lastKnownFileType = sourcecode.swift; path = RecordSoundsViewController.swift; sourceTree = "<group>"; };
		090ECFDE1D92E39E00308DB4 /* Base */ = {isa = PBXFileReference; lastKnownFileType = file.storyboard; name = Base; path = Base.lproj/Main.storyboard; sourceTree = "<group>"; };
		090ECFE01D92E39E00308DB4 /* Assets.xcassets */ = {isa = PBXFileReference; lastKnownFileType = folder.assetcatalog; path = Assets.xcassets; sourceTree = "<group>"; };
		090ECFE31D92E39E00308DB4 /* Base */ = {isa = PBXFileReference; lastKnownFileType = file.storyboard; name = Base; path = Base.lproj/LaunchScreen.storyboard; sourceTree = "<group>"; };
		090ECFE51D92E39E00308DB4 /* Info.plist */ = {isa = PBXFileReference; lastKnownFileType = text.plist.xml; path = Info.plist; sourceTree = "<group>"; };
		090ECFEA1D92E39E00308DB4 /* PitchPerfectTests.xctest */ = {isa = PBXFileReference; explicitFileType = wrapper.cfbundle; includeInIndex = 0; path = PitchPerfectTests.xctest; sourceTree = BUILT_PRODUCTS_DIR; };
		090ECFEE1D92E39E00308DB4 /* PitchPerfectTests.swift */ = {isa = PBXFileReference; lastKnownFileType = sourcecode.swift; path = PitchPerfectTests.swift; sourceTree = "<group>"; };
		090ECFF01D92E39E00308DB4 /* Info.plist */ = {isa = PBXFileReference; lastKnownFileType = text.plist.xml; path = Info.plist; sourceTree = "<group>"; };
		090ECFF51D92E39E00308DB4 /* PitchPerfectUITests.xctest */ = {isa = PBXFileReference; explicitFileType = wrapper.cfbundle; includeInIndex = 0; path = PitchPerfectUITests.xctest; sourceTree = BUILT_PRODUCTS_DIR; };
		090ECFF91D92E39E00308DB4 /* PitchPerfectUITests.swift */ = {isa = PBXFileReference; lastKnownFileType = sourcecode.swift; path = PitchPerfectUITests.swift; sourceTree = "<group>"; };
		090ECFFB1D92E39E00308DB4 /* Info.plist */ = {isa = PBXFileReference; lastKnownFileType = text.plist.xml; path = Info.plist; sourceTree = "<group>"; };
		09966AF11D9478A600D47000 /* PlaySoundsViewController+Audio.swift */ = {isa = PBXFileReference; fileEncoding = 4; lastKnownFileType = sourcecode.swift; path = "PlaySoundsViewController+Audio.swift"; sourceTree = "<group>"; };
		09B3376B1D943E040087B843 /* PlaySoundsViewController.swift */ = {isa = PBXFileReference; fileEncoding = 4; lastKnownFileType = sourcecode.swift; path = PlaySoundsViewController.swift; sourceTree = "<group>"; };
/* End PBXFileReference section */

/* Begin PBXFrameworksBuildPhase section */
		090ECFD31D92E39E00308DB4 /* Frameworks */ = {
			isa = PBXFrameworksBuildPhase;
			buildActionMask = 2147483647;
			files = (
			);
			runOnlyForDeploymentPostprocessing = 0;
		};
		090ECFE71D92E39E00308DB4 /* Frameworks */ = {
			isa = PBXFrameworksBuildPhase;
			buildActionMask = 2147483647;
			files = (
			);
			runOnlyForDeploymentPostprocessing = 0;
		};
		090ECFF21D92E39E00308DB4 /* Frameworks */ = {
			isa = PBXFrameworksBuildPhase;
			buildActionMask = 2147483647;
			files = (
			);
			runOnlyForDeploymentPostprocessing = 0;
		};
/* End PBXFrameworksBuildPhase section */

/* Begin PBXGroup section */
		090ECFCD1D92E39E00308DB4 = {
			isa = PBXGroup;
			children = (
				090ECFD81D92E39E00308DB4 /* PitchPerfect */,
				090ECFED1D92E39E00308DB4 /* PitchPerfectTests */,
				090ECFF81D92E39E00308DB4 /* PitchPerfectUITests */,
				090ECFD71D92E39E00308DB4 /* Products */,
			);
			sourceTree = "<group>";
		};
		090ECFD71D92E39E00308DB4 /* Products */ = {
			isa = PBXGroup;
			children = (
				090ECFD61D92E39E00308DB4 /* PitchPerfect.app */,
				090ECFEA1D92E39E00308DB4 /* PitchPerfectTests.xctest */,
				090ECFF51D92E39E00308DB4 /* PitchPerfectUITests.xctest */,
			);
			name = Products;
			sourceTree = "<group>";
		};
		090ECFD81D92E39E00308DB4 /* PitchPerfect */ = {
			isa = PBXGroup;
			children = (
				09966AF11D9478A600D47000 /* PlaySoundsViewController+Audio.swift */,
				090ECFD91D92E39E00308DB4 /* AppDelegate.swift */,
				090ECFDB1D92E39E00308DB4 /* RecordSoundsViewController.swift */,
				090ECFDD1D92E39E00308DB4 /* Main.storyboard */,
				09B3376B1D943E040087B843 /* PlaySoundsViewController.swift */,
				090ECFE01D92E39E00308DB4 /* Assets.xcassets */,
				090ECFE21D92E39E00308DB4 /* LaunchScreen.storyboard */,
				090ECFE51D92E39E00308DB4 /* Info.plist */,
			);
			path = PitchPerfect;
			sourceTree = "<group>";
		};
		090ECFED1D92E39E00308DB4 /* PitchPerfectTests */ = {
			isa = PBXGroup;
			children = (
				090ECFEE1D92E39E00308DB4 /* PitchPerfectTests.swift */,
				090ECFF01D92E39E00308DB4 /* Info.plist */,
			);
			path = PitchPerfectTests;
			sourceTree = "<group>";
		};
		090ECFF81D92E39E00308DB4 /* PitchPerfectUITests */ = {
			isa = PBXGroup;
			children = (
				090ECFF91D92E39E00308DB4 /* PitchPerfectUITests.swift */,
				090ECFFB1D92E39E00308DB4 /* Info.plist */,
			);
			path = PitchPerfectUITests;
			sourceTree = "<group>";
		};
/* End PBXGroup section */

/* Begin PBXNativeTarget section */
		090ECFD51D92E39E00308DB4 /* PitchPerfect */ = {
			isa = PBXNativeTarget;
			buildConfigurationList = 090ECFFE1D92E39E00308DB4 /* Build configuration list for PBXNativeTarget "PitchPerfect" */;
			buildPhases = (
				090ECFD21D92E39E00308DB4 /* Sources */,
				090ECFD31D92E39E00308DB4 /* Frameworks */,
				090ECFD41D92E39E00308DB4 /* Resources */,
			);
			buildRules = (
			);
			dependencies = (
			);
			name = PitchPerfect;
			productName = PitchPerfect;
			productReference = 090ECFD61D92E39E00308DB4 /* PitchPerfect.app */;
			productType = "com.apple.product-type.application";
		};
		090ECFE91D92E39E00308DB4 /* PitchPerfectTests */ = {
			isa = PBXNativeTarget;
			buildConfigurationList = 090ED0011D92E39E00308DB4 /* Build configuration list for PBXNativeTarget "PitchPerfectTests" */;
			buildPhases = (
				090ECFE61D92E39E00308DB4 /* Sources */,
				090ECFE71D92E39E00308DB4 /* Frameworks */,
				090ECFE81D92E39E00308DB4 /* Resources */,
			);
			buildRules = (
			);
			dependencies = (
				090ECFEC1D92E39E00308DB4 /* PBXTargetDependency */,
			);
			name = PitchPerfectTests;
			productName = PitchPerfectTests;
			productReference = 090ECFEA1D92E39E00308DB4 /* PitchPerfectTests.xctest */;
			productType = "com.apple.product-type.bundle.unit-test";
		};
		090ECFF41D92E39E00308DB4 /* PitchPerfectUITests */ = {
			isa = PBXNativeTarget;
			buildConfigurationList = 090ED0041D92E39E00308DB4 /* Build configuration list for PBXNativeTarget "PitchPerfectUITests" */;
			buildPhases = (
				090ECFF11D92E39E00308DB4 /* Sources */,
				090ECFF21D92E39E00308DB4 /* Frameworks */,
				090ECFF31D92E39E00308DB4 /* Resources */,
			);
			buildRules = (
			);
			dependencies = (
				090ECFF71D92E39E00308DB4 /* PBXTargetDependency */,
			);
			name = PitchPerfectUITests;
			productName = PitchPerfectUITests;
			productReference = 090ECFF51D92E39E00308DB4 /* PitchPerfectUITests.xctest */;
			productType = "com.apple.product-type.bundle.ui-testing";
		};
/* End PBXNativeTarget section */

/* Begin PBXProject section */
		090ECFCE1D92E39E00308DB4 /* Project object */ = {
			isa = PBXProject;
			attributes = {
				LastSwiftUpdateCheck = 0800;
				LastUpgradeCheck = 0800;
				ORGANIZATIONNAME = "Jordan ";
				TargetAttributes = {
					090ECFD51D92E39E00308DB4 = {
						CreatedOnToolsVersion = 8.0;
						ProvisioningStyle = Automatic;
					};
					090ECFE91D92E39E00308DB4 = {
						CreatedOnToolsVersion = 8.0;
						ProvisioningStyle = Automatic;
						TestTargetID = 090ECFD51D92E39E00308DB4;
					};
					090ECFF41D92E39E00308DB4 = {
						CreatedOnToolsVersion = 8.0;
						ProvisioningStyle = Automatic;
						TestTargetID = 090ECFD51D92E39E00308DB4;
					};
				};
			};
			buildConfigurationList = 090ECFD11D92E39E00308DB4 /* Build configuration list for PBXProject "PitchPerfect" */;
			compatibilityVersion = "Xcode 3.2";
			developmentRegion = English;
			hasScannedForEncodings = 0;
			knownRegions = (
				en,
				Base,
			);
			mainGroup = 090ECFCD1D92E39E00308DB4;
			productRefGroup = 090ECFD71D92E39E00308DB4 /* Products */;
			projectDirPath = "";
			projectRoot = "";
			targets = (
				090ECFD51D92E39E00308DB4 /* PitchPerfect */,
				090ECFE91D92E39E00308DB4 /* PitchPerfectTests */,
				090ECFF41D92E39E00308DB4 /* PitchPerfectUITests */,
			);
		};
/* End PBXProject section */

/* Begin PBXResourcesBuildPhase section */
		090ECFD41D92E39E00308DB4 /* Resources */ = {
			isa = PBXResourcesBuildPhase;
			buildActionMask = 2147483647;
			files = (
				090ECFE41D92E39E00308DB4 /* LaunchScreen.storyboard in Resources */,
				090ECFE11D92E39E00308DB4 /* Assets.xcassets in Resources */,
				090ECFDF1D92E39E00308DB4 /* Main.storyboard in Resources */,
			);
			runOnlyForDeploymentPostprocessing = 0;
		};
		090ECFE81D92E39E00308DB4 /* Resources */ = {
			isa = PBXResourcesBuildPhase;
			buildActionMask = 2147483647;
			files = (
			);
			runOnlyForDeploymentPostprocessing = 0;
		};
		090ECFF31D92E39E00308DB4 /* Resources */ = {
			isa = PBXResourcesBuildPhase;
			buildActionMask = 2147483647;
			files = (
			);
			runOnlyForDeploymentPostprocessing = 0;
		};
/* End PBXResourcesBuildPhase section */

/* Begin PBXSourcesBuildPhase section */
		090ECFD21D92E39E00308DB4 /* Sources */ = {
			isa = PBXSourcesBuildPhase;
			buildActionMask = 2147483647;
			files = (
				090ECFDC1D92E39E00308DB4 /* RecordSoundsViewController.swift in Sources */,
				09966AF21D9478A600D47000 /* PlaySoundsViewController+Audio.swift in Sources */,
				09B3376C1D943E040087B843 /* PlaySoundsViewController.swift in Sources */,
				090ECFDA1D92E39E00308DB4 /* AppDelegate.swift in Sources */,
			);
			runOnlyForDeploymentPostprocessing = 0;
		};
		090ECFE61D92E39E00308DB4 /* Sources */ = {
			isa = PBXSourcesBuildPhase;
			buildActionMask = 2147483647;
			files = (
				090ECFEF1D92E39E00308DB4 /* PitchPerfectTests.swift in Sources */,
			);
			runOnlyForDeploymentPostprocessing = 0;
		};
		090ECFF11D92E39E00308DB4 /* Sources */ = {
			isa = PBXSourcesBuildPhase;
			buildActionMask = 2147483647;
			files = (
				090ECFFA1D92E39E00308DB4 /* PitchPerfectUITests.swift in Sources */,
			);
			runOnlyForDeploymentPostprocessing = 0;
		};
/* End PBXSourcesBuildPhase section */

/* Begin PBXTargetDependency section */
		090ECFEC1D92E39E00308DB4 /* PBXTargetDependency */ = {
			isa = PBXTargetDependency;
			target = 090ECFD51D92E39E00308DB4 /* PitchPerfect */;
			targetProxy = 090ECFEB1D92E39E00308DB4 /* PBXContainerItemProxy */;
		};
		090ECFF71D92E39E00308DB4 /* PBXTargetDependency */ = {
			isa = PBXTargetDependency;
			target = 090ECFD51D92E39E00308DB4 /* PitchPerfect */;
			targetProxy = 090ECFF61D92E39E00308DB4 /* PBXContainerItemProxy */;
		};
/* End PBXTargetDependency section */

/* Begin PBXVariantGroup section */
		090ECFDD1D92E39E00308DB4 /* Main.storyboard */ = {
			isa = PBXVariantGroup;
			children = (
				090ECFDE1D92E39E00308DB4 /* Base */,
			);
			name = Main.storyboard;
			sourceTree = "<group>";
		};
		090ECFE21D92E39E00308DB4 /* LaunchScreen.storyboard */ = {
			isa = PBXVariantGroup;
			children = (
				090ECFE31D92E39E00308DB4 /* Base */,
			);
			name = LaunchScreen.storyboard;
			sourceTree = "<group>";
		};
/* End PBXVariantGroup section */

/* Begin XCBuildConfiguration section */
		090ECFFC1D92E39E00308DB4 /* Debug */ = {
			isa = XCBuildConfiguration;
			buildSettings = {
				ALWAYS_SEARCH_USER_PATHS = NO;
				CLANG_ANALYZER_NONNULL = YES;
				CLANG_CXX_LANGUAGE_STANDARD = "gnu++0x";
				CLANG_CXX_LIBRARY = "libc++";
				CLANG_ENABLE_MODULES = YES;
				CLANG_ENABLE_OBJC_ARC = YES;
				CLANG_WARN_BOOL_CONVERSION = YES;
				CLANG_WARN_CONSTANT_CONVERSION = YES;
				CLANG_WARN_DIRECT_OBJC_ISA_USAGE = YES_ERROR;
				CLANG_WARN_DOCUMENTATION_COMMENTS = YES;
				CLANG_WARN_EMPTY_BODY = YES;
				CLANG_WARN_ENUM_CONVERSION = YES;
				CLANG_WARN_INFINITE_RECURSION = YES;
				CLANG_WARN_INT_CONVERSION = YES;
				CLANG_WARN_OBJC_ROOT_CLASS = YES_ERROR;
				CLANG_WARN_SUSPICIOUS_MOVES = YES;
				CLANG_WARN_UNREACHABLE_CODE = YES;
				CLANG_WARN__DUPLICATE_METHOD_MATCH = YES;
				"CODE_SIGN_IDENTITY[sdk=iphoneos*]" = "iPhone Developer";
				COPY_PHASE_STRIP = NO;
				DEBUG_INFORMATION_FORMAT = dwarf;
				ENABLE_STRICT_OBJC_MSGSEND = YES;
				ENABLE_TESTABILITY = YES;
				GCC_C_LANGUAGE_STANDARD = gnu99;
				GCC_DYNAMIC_NO_PIC = NO;
				GCC_NO_COMMON_BLOCKS = YES;
				GCC_OPTIMIZATION_LEVEL = 0;
				GCC_PREPROCESSOR_DEFINITIONS = (
					"DEBUG=1",
					"$(inherited)",
				);
				GCC_WARN_64_TO_32_BIT_CONVERSION = YES;
				GCC_WARN_ABOUT_RETURN_TYPE = YES_ERROR;
				GCC_WARN_UNDECLARED_SELECTOR = YES;
				GCC_WARN_UNINITIALIZED_AUTOS = YES_AGGRESSIVE;
				GCC_WARN_UNUSED_FUNCTION = YES;
				GCC_WARN_UNUSED_VARIABLE = YES;
				IPHONEOS_DEPLOYMENT_TARGET = 10.0;
				MTL_ENABLE_DEBUG_INFO = YES;
				ONLY_ACTIVE_ARCH = YES;
				SDKROOT = iphoneos;
				SWIFT_ACTIVE_COMPILATION_CONDITIONS = DEBUG;
				SWIFT_OPTIMIZATION_LEVEL = "-Onone";
				TARGETED_DEVICE_FAMILY = "1,2";
			};
			name = Debug;
		};
		090ECFFD1D92E39E00308DB4 /* Release */ = {
			isa = XCBuildConfiguration;
			buildSettings = {
				ALWAYS_SEARCH_USER_PATHS = NO;
				CLANG_ANALYZER_NONNULL = YES;
				CLANG_CXX_LANGUAGE_STANDARD = "gnu++0x";
				CLANG_CXX_LIBRARY = "libc++";
				CLANG_ENABLE_MODULES = YES;
				CLANG_ENABLE_OBJC_ARC = YES;
				CLANG_WARN_BOOL_CONVERSION = YES;
				CLANG_WARN_CONSTANT_CONVERSION = YES;
				CLANG_WARN_DIRECT_OBJC_ISA_USAGE = YES_ERROR;
				CLANG_WARN_DOCUMENTATION_COMMENTS = YES;
				CLANG_WARN_EMPTY_BODY = YES;
				CLANG_WARN_ENUM_CONVERSION = YES;
				CLANG_WARN_INFINITE_RECURSION = YES;
				CLANG_WARN_INT_CONVERSION = YES;
				CLANG_WARN_OBJC_ROOT_CLASS = YES_ERROR;
				CLANG_WARN_SUSPICIOUS_MOVES = YES;
				CLANG_WARN_UNREACHABLE_CODE = YES;
				CLANG_WARN__DUPLICATE_METHOD_MATCH = YES;
				"CODE_SIGN_IDENTITY[sdk=iphoneos*]" = "iPhone Developer";
				COPY_PHASE_STRIP = NO;
				DEBUG_INFORMATION_FORMAT = "dwarf-with-dsym";
				ENABLE_NS_ASSERTIONS = NO;
				ENABLE_STRICT_OBJC_MSGSEND = YES;
				GCC_C_LANGUAGE_STANDARD = gnu99;
				GCC_NO_COMMON_BLOCKS = YES;
				GCC_WARN_64_TO_32_BIT_CONVERSION = YES;
				GCC_WARN_ABOUT_RETURN_TYPE = YES_ERROR;
				GCC_WARN_UNDECLARED_SELECTOR = YES;
				GCC_WARN_UNINITIALIZED_AUTOS = YES_AGGRESSIVE;
				GCC_WARN_UNUSED_FUNCTION = YES;
				GCC_WARN_UNUSED_VARIABLE = YES;
				IPHONEOS_DEPLOYMENT_TARGET = 10.0;
				MTL_ENABLE_DEBUG_INFO = NO;
				SDKROOT = iphoneos;
				SWIFT_OPTIMIZATION_LEVEL = "-Owholemodule";
				TARGETED_DEVICE_FAMILY = "1,2";
				VALIDATE_PRODUCT = YES;
			};
			name = Release;
		};
		090ECFFF1D92E39E00308DB4 /* Debug */ = {
			isa = XCBuildConfiguration;
			buildSettings = {
				ASSETCATALOG_COMPILER_APPICON_NAME = AppIcon;
				INFOPLIST_FILE = PitchPerfect/Info.plist;
				LD_RUNPATH_SEARCH_PATHS = "$(inherited) @executable_path/Frameworks";
				PRODUCT_BUNDLE_IDENTIFIER = jordan.marshall.PitchPerfect;
				PRODUCT_NAME = "$(TARGET_NAME)";
				SWIFT_VERSION = 3.0;
				TARGETED_DEVICE_FAMILY = "1,2";
			};
			name = Debug;
		};
		090ED0001D92E39E00308DB4 /* Release */ = {
			isa = XCBuildConfiguration;
			buildSettings = {
				ASSETCATALOG_COMPILER_APPICON_NAME = AppIcon;
				INFOPLIST_FILE = PitchPerfect/Info.plist;
				LD_RUNPATH_SEARCH_PATHS = "$(inherited) @executable_path/Frameworks";
				PRODUCT_BUNDLE_IDENTIFIER = jordan.marshall.PitchPerfect;
				PRODUCT_NAME = "$(TARGET_NAME)";
				SWIFT_VERSION = 3.0;
				TARGETED_DEVICE_FAMILY = "1,2";
			};
			name = Release;
		};
		090ED0021D92E39E00308DB4 /* Debug */ = {
			isa = XCBuildConfiguration;
			buildSettings = {
				ALWAYS_EMBED_SWIFT_STANDARD_LIBRARIES = YES;
				BUNDLE_LOADER = "$(TEST_HOST)";
				INFOPLIST_FILE = PitchPerfectTests/Info.plist;
				LD_RUNPATH_SEARCH_PATHS = "$(inherited) @executable_path/Frameworks @loader_path/Frameworks";
				PRODUCT_BUNDLE_IDENTIFIER = jordan.marshall.PitchPerfectTests;
				PRODUCT_NAME = "$(TARGET_NAME)";
				SWIFT_VERSION = 3.0;
				TEST_HOST = "$(BUILT_PRODUCTS_DIR)/PitchPerfect.app/PitchPerfect";
			};
			name = Debug;
		};
		090ED0031D92E39E00308DB4 /* Release */ = {
			isa = XCBuildConfiguration;
			buildSettings = {
				ALWAYS_EMBED_SWIFT_STANDARD_LIBRARIES = YES;
				BUNDLE_LOADER = "$(TEST_HOST)";
				INFOPLIST_FILE = PitchPerfectTests/Info.plist;
				LD_RUNPATH_SEARCH_PATHS = "$(inherited) @executable_path/Frameworks @loader_path/Frameworks";
				PRODUCT_BUNDLE_IDENTIFIER = jordan.marshall.PitchPerfectTests;
				PRODUCT_NAME = "$(TARGET_NAME)";
				SWIFT_VERSION = 3.0;
				TEST_HOST = "$(BUILT_PRODUCTS_DIR)/PitchPerfect.app/PitchPerfect";
			};
			name = Release;
		};
		090ED0051D92E39E00308DB4 /* Debug */ = {
			isa = XCBuildConfiguration;
			buildSettings = {
				ALWAYS_EMBED_SWIFT_STANDARD_LIBRARIES = YES;
				INFOPLIST_FILE = PitchPerfectUITests/Info.plist;
				LD_RUNPATH_SEARCH_PATHS = "$(inherited) @executable_path/Frameworks @loader_path/Frameworks";
				PRODUCT_BUNDLE_IDENTIFIER = jordan.marshall.PitchPerfectUITests;
				PRODUCT_NAME = "$(TARGET_NAME)";
				SWIFT_VERSION = 3.0;
				TEST_TARGET_NAME = PitchPerfect;
			};
			name = Debug;
		};
		090ED0061D92E39E00308DB4 /* Release */ = {
			isa = XCBuildConfiguration;
			buildSettings = {
				ALWAYS_EMBED_SWIFT_STANDARD_LIBRARIES = YES;
				INFOPLIST_FILE = PitchPerfectUITests/Info.plist;
				LD_RUNPATH_SEARCH_PATHS = "$(inherited) @executable_path/Frameworks @loader_path/Frameworks";
				PRODUCT_BUNDLE_IDENTIFIER = jordan.marshall.PitchPerfectUITests;
				PRODUCT_NAME = "$(TARGET_NAME)";
				SWIFT_VERSION = 3.0;
				TEST_TARGET_NAME = PitchPerfect;
			};
			name = Release;
		};
/* End XCBuildConfiguration section */

/* Begin XCConfigurationList section */
		090ECFD11D92E39E00308DB4 /* Build configuration list for PBXProject "PitchPerfect" */ = {
			isa = XCConfigurationList;
			buildConfigurations = (
				090ECFFC1D92E39E00308DB4 /* Debug */,
				090ECFFD1D92E39E00308DB4 /* Release */,
			);
			defaultConfigurationIsVisible = 0;
			defaultConfigurationName = Release;
		};
		090ECFFE1D92E39E00308DB4 /* Build configuration list for PBXNativeTarget "PitchPerfect" */ = {
			isa = XCConfigurationList;
			buildConfigurations = (
				090ECFFF1D92E39E00308DB4 /* Debug */,
				090ED0001D92E39E00308DB4 /* Release */,
			);
			defaultConfigurationIsVisible = 0;
			defaultConfigurationName = Release;
		};
		090ED0011D92E39E00308DB4 /* Build configuration list for PBXNativeTarget "PitchPerfectTests" */ = {
			isa = XCConfigurationList;
			buildConfigurations = (
				090ED0021D92E39E00308DB4 /* Debug */,
				090ED0031D92E39E00308DB4 /* Release */,
			);
			defaultConfigurationIsVisible = 0;
			defaultConfigurationName = Release;
		};
		090ED0041D92E39E00308DB4 /* Build configuration list for PBXNativeTarget "PitchPerfectUITests" */ = {
			isa = XCConfigurationList;
			buildConfigurations = (
				090ED0051D92E39E00308DB4 /* Debug */,
				090ED0061D92E39E00308DB4 /* Release */,
			);
			defaultConfigurationIsVisible = 0;
			defaultConfigurationName = Release;
		};
/* End XCConfigurationList section */
	};
	rootObject = 090ECFCE1D92E39E00308DB4 /* Project object */;
}
